// !$*UTF8*$!
{
	archiveVersion = 1;
	classes = {
	};
	objectVersion = 46;
	objects = {

/* Begin PBXBuildFile section */
		81ECF4291D172A2700D1D1F7 /* AppDelegate.swift in Sources */ = {isa = PBXBuildFile; fileRef = 81ECF4281D172A2700D1D1F7 /* AppDelegate.swift */; };
		81ECF42B1D172A2700D1D1F7 /* ViewController.swift in Sources */ = {isa = PBXBuildFile; fileRef = 81ECF42A1D172A2700D1D1F7 /* ViewController.swift */; };
		81ECF42D1D172A2700D1D1F7 /* Assets.xcassets in Resources */ = {isa = PBXBuildFile; fileRef = 81ECF42C1D172A2700D1D1F7 /* Assets.xcassets */; };
		81ECF4301D172A2700D1D1F7 /* Main.storyboard in Resources */ = {isa = PBXBuildFile; fileRef = 81ECF42E1D172A2700D1D1F7 /* Main.storyboard */; };
		81ECF43B1D172A2700D1D1F7 /* CommandBlockTests.swift in Sources */ = {isa = PBXBuildFile; fileRef = 81ECF43A1D172A2700D1D1F7 /* CommandBlockTests.swift */; };
		81ECF4461D172A2700D1D1F7 /* CommandBlockUITests.swift in Sources */ = {isa = PBXBuildFile; fileRef = 81ECF4451D172A2700D1D1F7 /* CommandBlockUITests.swift */; };
/* End PBXBuildFile section */

/* Begin PBXContainerItemProxy section */
		81ECF4371D172A2700D1D1F7 /* PBXContainerItemProxy */ = {
			isa = PBXContainerItemProxy;
			containerPortal = 81ECF41D1D172A2700D1D1F7 /* Project object */;
			proxyType = 1;
			remoteGlobalIDString = 81ECF4241D172A2700D1D1F7;
			remoteInfo = CommandBlock;
		};
		81ECF4421D172A2700D1D1F7 /* PBXContainerItemProxy */ = {
			isa = PBXContainerItemProxy;
			containerPortal = 81ECF41D1D172A2700D1D1F7 /* Project object */;
			proxyType = 1;
			remoteGlobalIDString = 81ECF4241D172A2700D1D1F7;
			remoteInfo = CommandBlock;
		};
/* End PBXContainerItemProxy section */

/* Begin PBXFileReference section */
		81ECF4251D172A2700D1D1F7 /* CommandBlock.app */ = {isa = PBXFileReference; explicitFileType = wrapper.application; includeInIndex = 0; path = CommandBlock.app; sourceTree = BUILT_PRODUCTS_DIR; };
		81ECF4281D172A2700D1D1F7 /* AppDelegate.swift */ = {isa = PBXFileReference; lastKnownFileType = sourcecode.swift; path = AppDelegate.swift; sourceTree = "<group>"; };
		81ECF42A1D172A2700D1D1F7 /* ViewController.swift */ = {isa = PBXFileReference; lastKnownFileType = sourcecode.swift; path = ViewController.swift; sourceTree = "<group>"; };
		81ECF42C1D172A2700D1D1F7 /* Assets.xcassets */ = {isa = PBXFileReference; lastKnownFileType = folder.assetcatalog; path = Assets.xcassets; sourceTree = "<group>"; };
		81ECF42F1D172A2700D1D1F7 /* Base */ = {isa = PBXFileReference; lastKnownFileType = file.storyboard; name = Base; path = Base.lproj/Main.storyboard; sourceTree = "<group>"; };
		81ECF4311D172A2700D1D1F7 /* Info.plist */ = {isa = PBXFileReference; lastKnownFileType = text.plist.xml; path = Info.plist; sourceTree = "<group>"; };
		81ECF4361D172A2700D1D1F7 /* CommandBlockTests.xctest */ = {isa = PBXFileReference; explicitFileType = wrapper.cfbundle; includeInIndex = 0; path = CommandBlockTests.xctest; sourceTree = BUILT_PRODUCTS_DIR; };
		81ECF43A1D172A2700D1D1F7 /* CommandBlockTests.swift */ = {isa = PBXFileReference; lastKnownFileType = sourcecode.swift; path = CommandBlockTests.swift; sourceTree = "<group>"; };
		81ECF43C1D172A2700D1D1F7 /* Info.plist */ = {isa = PBXFileReference; lastKnownFileType = text.plist.xml; path = Info.plist; sourceTree = "<group>"; };
		81ECF4411D172A2700D1D1F7 /* CommandBlockUITests.xctest */ = {isa = PBXFileReference; explicitFileType = wrapper.cfbundle; includeInIndex = 0; path = CommandBlockUITests.xctest; sourceTree = BUILT_PRODUCTS_DIR; };
		81ECF4451D172A2700D1D1F7 /* CommandBlockUITests.swift */ = {isa = PBXFileReference; lastKnownFileType = sourcecode.swift; path = CommandBlockUITests.swift; sourceTree = "<group>"; };
		81ECF4471D172A2700D1D1F7 /* Info.plist */ = {isa = PBXFileReference; lastKnownFileType = text.plist.xml; path = Info.plist; sourceTree = "<group>"; };
/* End PBXFileReference section */

/* Begin PBXFrameworksBuildPhase section */
		81ECF4221D172A2700D1D1F7 /* Frameworks */ = {
			isa = PBXFrameworksBuildPhase;
			buildActionMask = 2147483647;
			files = (
			);
			runOnlyForDeploymentPostprocessing = 0;
		};
		81ECF4331D172A2700D1D1F7 /* Frameworks */ = {
			isa = PBXFrameworksBuildPhase;
			buildActionMask = 2147483647;
			files = (
			);
			runOnlyForDeploymentPostprocessing = 0;
		};
		81ECF43E1D172A2700D1D1F7 /* Frameworks */ = {
			isa = PBXFrameworksBuildPhase;
			buildActionMask = 2147483647;
			files = (
			);
			runOnlyForDeploymentPostprocessing = 0;
		};
/* End PBXFrameworksBuildPhase section */

/* Begin PBXGroup section */
		81ECF41C1D172A2700D1D1F7 = {
			isa = PBXGroup;
			children = (
				81ECF4271D172A2700D1D1F7 /* CommandBlock */,
				81ECF4391D172A2700D1D1F7 /* CommandBlockTests */,
				81ECF4441D172A2700D1D1F7 /* CommandBlockUITests */,
				81ECF4261D172A2700D1D1F7 /* Products */,
			);
			sourceTree = "<group>";
		};
		81ECF4261D172A2700D1D1F7 /* Products */ = {
			isa = PBXGroup;
			children = (
				81ECF4251D172A2700D1D1F7 /* CommandBlock.app */,
				81ECF4361D172A2700D1D1F7 /* CommandBlockTests.xctest */,
				81ECF4411D172A2700D1D1F7 /* CommandBlockUITests.xctest */,
			);
			name = Products;
			sourceTree = "<group>";
		};
		81ECF4271D172A2700D1D1F7 /* CommandBlock */ = {
			isa = PBXGroup;
			children = (
				81ECF4281D172A2700D1D1F7 /* AppDelegate.swift */,
				81ECF42A1D172A2700D1D1F7 /* ViewController.swift */,
				81ECF42C1D172A2700D1D1F7 /* Assets.xcassets */,
				81ECF42E1D172A2700D1D1F7 /* Main.storyboard */,
				81ECF4311D172A2700D1D1F7 /* Info.plist */,
			);
			path = CommandBlock;
			sourceTree = "<group>";
		};
		81ECF4391D172A2700D1D1F7 /* CommandBlockTests */ = {
			isa = PBXGroup;
			children = (
				81ECF43A1D172A2700D1D1F7 /* CommandBlockTests.swift */,
				81ECF43C1D172A2700D1D1F7 /* Info.plist */,
			);
			path = CommandBlockTests;
			sourceTree = "<group>";
		};
		81ECF4441D172A2700D1D1F7 /* CommandBlockUITests */ = {
			isa = PBXGroup;
			children = (
				81ECF4451D172A2700D1D1F7 /* CommandBlockUITests.swift */,
				81ECF4471D172A2700D1D1F7 /* Info.plist */,
			);
			path = CommandBlockUITests;
			sourceTree = "<group>";
		};
/* End PBXGroup section */

/* Begin PBXNativeTarget section */
		81ECF4241D172A2700D1D1F7 /* CommandBlock */ = {
			isa = PBXNativeTarget;
			buildConfigurationList = 81ECF44A1D172A2700D1D1F7 /* Build configuration list for PBXNativeTarget "CommandBlock" */;
			buildPhases = (
				81ECF4211D172A2700D1D1F7 /* Sources */,
				81ECF4221D172A2700D1D1F7 /* Frameworks */,
				81ECF4231D172A2700D1D1F7 /* Resources */,
			);
			buildRules = (
			);
			dependencies = (
			);
			name = CommandBlock;
			productName = CommandBlock;
			productReference = 81ECF4251D172A2700D1D1F7 /* CommandBlock.app */;
			productType = "com.apple.product-type.application";
		};
		81ECF4351D172A2700D1D1F7 /* CommandBlockTests */ = {
			isa = PBXNativeTarget;
			buildConfigurationList = 81ECF44D1D172A2700D1D1F7 /* Build configuration list for PBXNativeTarget "CommandBlockTests" */;
			buildPhases = (
				81ECF4321D172A2700D1D1F7 /* Sources */,
				81ECF4331D172A2700D1D1F7 /* Frameworks */,
				81ECF4341D172A2700D1D1F7 /* Resources */,
			);
			buildRules = (
			);
			dependencies = (
				81ECF4381D172A2700D1D1F7 /* PBXTargetDependency */,
			);
			name = CommandBlockTests;
			productName = CommandBlockTests;
			productReference = 81ECF4361D172A2700D1D1F7 /* CommandBlockTests.xctest */;
			productType = "com.apple.product-type.bundle.unit-test";
		};
		81ECF4401D172A2700D1D1F7 /* CommandBlockUITests */ = {
			isa = PBXNativeTarget;
			buildConfigurationList = 81ECF4501D172A2700D1D1F7 /* Build configuration list for PBXNativeTarget "CommandBlockUITests" */;
			buildPhases = (
				81ECF43D1D172A2700D1D1F7 /* Sources */,
				81ECF43E1D172A2700D1D1F7 /* Frameworks */,
				81ECF43F1D172A2700D1D1F7 /* Resources */,
			);
			buildRules = (
			);
			dependencies = (
				81ECF4431D172A2700D1D1F7 /* PBXTargetDependency */,
			);
			name = CommandBlockUITests;
			productName = CommandBlockUITests;
			productReference = 81ECF4411D172A2700D1D1F7 /* CommandBlockUITests.xctest */;
			productType = "com.apple.product-type.bundle.ui-testing";
		};
/* End PBXNativeTarget section */

/* Begin PBXProject section */
		81ECF41D1D172A2700D1D1F7 /* Project object */ = {
			isa = PBXProject;
			attributes = {
				LastSwiftUpdateCheck = 0730;
				LastUpgradeCheck = 0730;
				ORGANIZATIONNAME = "Space!, Ink";
				TargetAttributes = {
					81ECF4241D172A2700D1D1F7 = {
						CreatedOnToolsVersion = 7.3.1;
					};
					81ECF4351D172A2700D1D1F7 = {
						CreatedOnToolsVersion = 7.3.1;
						TestTargetID = 81ECF4241D172A2700D1D1F7;
					};
					81ECF4401D172A2700D1D1F7 = {
						CreatedOnToolsVersion = 7.3.1;
						TestTargetID = 81ECF4241D172A2700D1D1F7;
					};
				};
			};
			buildConfigurationList = 81ECF4201D172A2700D1D1F7 /* Build configuration list for PBXProject "CommandBlock" */;
			compatibilityVersion = "Xcode 3.2";
			developmentRegion = English;
			hasScannedForEncodings = 0;
			knownRegions = (
				en,
				Base,
			);
			mainGroup = 81ECF41C1D172A2700D1D1F7;
			productRefGroup = 81ECF4261D172A2700D1D1F7 /* Products */;
			projectDirPath = "";
			projectRoot = "";
			targets = (
				81ECF4241D172A2700D1D1F7 /* CommandBlock */,
				81ECF4351D172A2700D1D1F7 /* CommandBlockTests */,
				81ECF4401D172A2700D1D1F7 /* CommandBlockUITests */,
			);
		};
/* End PBXProject section */

/* Begin PBXResourcesBuildPhase section */
		81ECF4231D172A2700D1D1F7 /* Resources */ = {
			isa = PBXResourcesBuildPhase;
			buildActionMask = 2147483647;
			files = (
				81ECF42D1D172A2700D1D1F7 /* Assets.xcassets in Resources */,
				81ECF4301D172A2700D1D1F7 /* Main.storyboard in Resources */,
			);
			runOnlyForDeploymentPostprocessing = 0;
		};
		81ECF4341D172A2700D1D1F7 /* Resources */ = {
			isa = PBXResourcesBuildPhase;
			buildActionMask = 2147483647;
			files = (
			);
			runOnlyForDeploymentPostprocessing = 0;
		};
		81ECF43F1D172A2700D1D1F7 /* Resources */ = {
			isa = PBXResourcesBuildPhase;
			buildActionMask = 2147483647;
			files = (
			);
			runOnlyForDeploymentPostprocessing = 0;
		};
/* End PBXResourcesBuildPhase section */

/* Begin PBXSourcesBuildPhase section */
		81ECF4211D172A2700D1D1F7 /* Sources */ = {
			isa = PBXSourcesBuildPhase;
			buildActionMask = 2147483647;
			files = (
				81ECF42B1D172A2700D1D1F7 /* ViewController.swift in Sources */,
				81ECF4291D172A2700D1D1F7 /* AppDelegate.swift in Sources */,
			);
			runOnlyForDeploymentPostprocessing = 0;
		};
		81ECF4321D172A2700D1D1F7 /* Sources */ = {
			isa = PBXSourcesBuildPhase;
			buildActionMask = 2147483647;
			files = (
				81ECF43B1D172A2700D1D1F7 /* CommandBlockTests.swift in Sources */,
			);
			runOnlyForDeploymentPostprocessing = 0;
		};
		81ECF43D1D172A2700D1D1F7 /* Sources */ = {
			isa = PBXSourcesBuildPhase;
			buildActionMask = 2147483647;
			files = (
				81ECF4461D172A2700D1D1F7 /* CommandBlockUITests.swift in Sources */,
			);
			runOnlyForDeploymentPostprocessing = 0;
		};
/* End PBXSourcesBuildPhase section */

/* Begin PBXTargetDependency section */
		81ECF4381D172A2700D1D1F7 /* PBXTargetDependency */ = {
			isa = PBXTargetDependency;
			target = 81ECF4241D172A2700D1D1F7 /* CommandBlock */;
			targetProxy = 81ECF4371D172A2700D1D1F7 /* PBXContainerItemProxy */;
		};
		81ECF4431D172A2700D1D1F7 /* PBXTargetDependency */ = {
			isa = PBXTargetDependency;
			target = 81ECF4241D172A2700D1D1F7 /* CommandBlock */;
			targetProxy = 81ECF4421D172A2700D1D1F7 /* PBXContainerItemProxy */;
		};
/* End PBXTargetDependency section */

/* Begin PBXVariantGroup section */
		81ECF42E1D172A2700D1D1F7 /* Main.storyboard */ = {
			isa = PBXVariantGroup;
			children = (
				81ECF42F1D172A2700D1D1F7 /* Base */,
			);
			name = Main.storyboard;
			sourceTree = "<group>";
		};
/* End PBXVariantGroup section */

/* Begin XCBuildConfiguration section */
		81ECF4481D172A2700D1D1F7 /* Debug */ = {
			isa = XCBuildConfiguration;
			buildSettings = {
				ALWAYS_SEARCH_USER_PATHS = NO;
				CLANG_ANALYZER_NONNULL = YES;
				CLANG_CXX_LANGUAGE_STANDARD = "gnu++0x";
				CLANG_CXX_LIBRARY = "libc++";
				CLANG_ENABLE_MODULES = YES;
				CLANG_ENABLE_OBJC_ARC = YES;
				CLANG_WARN_BOOL_CONVERSION = YES;
				CLANG_WARN_CONSTANT_CONVERSION = YES;
				CLANG_WARN_DIRECT_OBJC_ISA_USAGE = YES_ERROR;
				CLANG_WARN_EMPTY_BODY = YES;
				CLANG_WARN_ENUM_CONVERSION = YES;
				CLANG_WARN_INT_CONVERSION = YES;
				CLANG_WARN_OBJC_ROOT_CLASS = YES_ERROR;
				CLANG_WARN_UNREACHABLE_CODE = YES;
				CLANG_WARN__DUPLICATE_METHOD_MATCH = YES;
				CODE_SIGN_IDENTITY = "-";
				COPY_PHASE_STRIP = NO;
				DEBUG_INFORMATION_FORMAT = dwarf;
				ENABLE_STRICT_OBJC_MSGSEND = YES;
				ENABLE_TESTABILITY = YES;
				GCC_C_LANGUAGE_STANDARD = gnu99;
				GCC_DYNAMIC_NO_PIC = NO;
				GCC_NO_COMMON_BLOCKS = YES;
				GCC_OPTIMIZATION_LEVEL = 0;
				GCC_PREPROCESSOR_DEFINITIONS = (
					"DEBUG=1",
					"$(inherited)",
				);
				GCC_WARN_64_TO_32_BIT_CONVERSION = YES;
				GCC_WARN_ABOUT_RETURN_TYPE = YES_ERROR;
				GCC_WARN_UNDECLARED_SELECTOR = YES;
				GCC_WARN_UNINITIALIZED_AUTOS = YES_AGGRESSIVE;
				GCC_WARN_UNUSED_FUNCTION = YES;
				GCC_WARN_UNUSED_VARIABLE = YES;
				MACOSX_DEPLOYMENT_TARGET = 10.11;
				MTL_ENABLE_DEBUG_INFO = YES;
				ONLY_ACTIVE_ARCH = YES;
				SDKROOT = macosx;
				SWIFT_OPTIMIZATION_LEVEL = "-Onone";
			};
			name = Debug;
		};
		81ECF4491D172A2700D1D1F7 /* Release */ = {
			isa = XCBuildConfiguration;
			buildSettings = {
				ALWAYS_SEARCH_USER_PATHS = NO;
				CLANG_ANALYZER_NONNULL = YES;
				CLANG_CXX_LANGUAGE_STANDARD = "gnu++0x";
				CLANG_CXX_LIBRARY = "libc++";
				CLANG_ENABLE_MODULES = YES;
				CLANG_ENABLE_OBJC_ARC = YES;
				CLANG_WARN_BOOL_CONVERSION = YES;
				CLANG_WARN_CONSTANT_CONVERSION = YES;
				CLANG_WARN_DIRECT_OBJC_ISA_USAGE = YES_ERROR;
				CLANG_WARN_EMPTY_BODY = YES;
				CLANG_WARN_ENUM_CONVERSION = YES;
				CLANG_WARN_INT_CONVERSION = YES;
				CLANG_WARN_OBJC_ROOT_CLASS = YES_ERROR;
				CLANG_WARN_UNREACHABLE_CODE = YES;
				CLANG_WARN__DUPLICATE_METHOD_MATCH = YES;
				CODE_SIGN_IDENTITY = "-";
				COPY_PHASE_STRIP = NO;
				DEBUG_INFORMATION_FORMAT = "dwarf-with-dsym";
				ENABLE_NS_ASSERTIONS = NO;
				ENABLE_STRICT_OBJC_MSGSEND = YES;
				GCC_C_LANGUAGE_STANDARD = gnu99;
				GCC_NO_COMMON_BLOCKS = YES;
				GCC_WARN_64_TO_32_BIT_CONVERSION = YES;
				GCC_WARN_ABOUT_RETURN_TYPE = YES_ERROR;
				GCC_WARN_UNDECLARED_SELECTOR = YES;
				GCC_WARN_UNINITIALIZED_AUTOS = YES_AGGRESSIVE;
				GCC_WARN_UNUSED_FUNCTION = YES;
				GCC_WARN_UNUSED_VARIABLE = YES;
				MACOSX_DEPLOYMENT_TARGET = 10.11;
				MTL_ENABLE_DEBUG_INFO = NO;
				SDKROOT = macosx;
			};
			name = Release;
		};
		81ECF44B1D172A2700D1D1F7 /* Debug */ = {
			isa = XCBuildConfiguration;
			buildSettings = {
				ASSETCATALOG_COMPILER_APPICON_NAME = AppIcon;
				COMBINE_HIDPI_IMAGES = YES;
				INFOPLIST_FILE = CommandBlock/Info.plist;
				LD_RUNPATH_SEARCH_PATHS = "$(inherited) @executable_path/../Frameworks";
				PRODUCT_BUNDLE_IDENTIFIER = com.spaceink.CommandBlock;
				PRODUCT_NAME = "$(TARGET_NAME)";
			};
			name = Debug;
		};
		81ECF44C1D172A2700D1D1F7 /* Release */ = {
			isa = XCBuildConfiguration;
			buildSettings = {
				ASSETCATALOG_COMPILER_APPICON_NAME = AppIcon;
				COMBINE_HIDPI_IMAGES = YES;
				INFOPLIST_FILE = CommandBlock/Info.plist;
				LD_RUNPATH_SEARCH_PATHS = "$(inherited) @executable_path/../Frameworks";
				PRODUCT_BUNDLE_IDENTIFIER = com.spaceink.CommandBlock;
				PRODUCT_NAME = "$(TARGET_NAME)";
			};
			name = Release;
		};
		81ECF44E1D172A2700D1D1F7 /* Debug */ = {
			isa = XCBuildConfiguration;
			buildSettings = {
				BUNDLE_LOADER = "$(TEST_HOST)";
				COMBINE_HIDPI_IMAGES = YES;
				INFOPLIST_FILE = CommandBlockTests/Info.plist;
				LD_RUNPATH_SEARCH_PATHS = "$(inherited) @executable_path/../Frameworks @loader_path/../Frameworks";
				PRODUCT_BUNDLE_IDENTIFIER = com.spaceink.CommandBlockTests;
				PRODUCT_NAME = "$(TARGET_NAME)";
				TEST_HOST = "$(BUILT_PRODUCTS_DIR)/CommandBlock.app/Contents/MacOS/CommandBlock";
			};
			name = Debug;
		};
		81ECF44F1D172A2700D1D1F7 /* Release */ = {
			isa = XCBuildConfiguration;
			buildSettings = {
				BUNDLE_LOADER = "$(TEST_HOST)";
				COMBINE_HIDPI_IMAGES = YES;
				INFOPLIST_FILE = CommandBlockTests/Info.plist;
				LD_RUNPATH_SEARCH_PATHS = "$(inherited) @executable_path/../Frameworks @loader_path/../Frameworks";
				PRODUCT_BUNDLE_IDENTIFIER = com.spaceink.CommandBlockTests;
				PRODUCT_NAME = "$(TARGET_NAME)";
				TEST_HOST = "$(BUILT_PRODUCTS_DIR)/CommandBlock.app/Contents/MacOS/CommandBlock";
			};
			name = Release;
		};
		81ECF4511D172A2700D1D1F7 /* Debug */ = {
			isa = XCBuildConfiguration;
			buildSettings = {
				COMBINE_HIDPI_IMAGES = YES;
				INFOPLIST_FILE = CommandBlockUITests/Info.plist;
				LD_RUNPATH_SEARCH_PATHS = "$(inherited) @executable_path/../Frameworks @loader_path/../Frameworks";
				PRODUCT_BUNDLE_IDENTIFIER = com.spaceink.CommandBlockUITests;
				PRODUCT_NAME = "$(TARGET_NAME)";
				TEST_TARGET_NAME = CommandBlock;
			};
			name = Debug;
		};
		81ECF4521D172A2700D1D1F7 /* Release */ = {
			isa = XCBuildConfiguration;
			buildSettings = {
				COMBINE_HIDPI_IMAGES = YES;
				INFOPLIST_FILE = CommandBlockUITests/Info.plist;
				LD_RUNPATH_SEARCH_PATHS = "$(inherited) @executable_path/../Frameworks @loader_path/../Frameworks";
				PRODUCT_BUNDLE_IDENTIFIER = com.spaceink.CommandBlockUITests;
				PRODUCT_NAME = "$(TARGET_NAME)";
				TEST_TARGET_NAME = CommandBlock;
			};
			name = Release;
		};
/* End XCBuildConfiguration section */

/* Begin XCConfigurationList section */
		81ECF4201D172A2700D1D1F7 /* Build configuration list for PBXProject "CommandBlock" */ = {
			isa = XCConfigurationList;
			buildConfigurations = (
				81ECF4481D172A2700D1D1F7 /* Debug */,
				81ECF4491D172A2700D1D1F7 /* Release */,
			);
			defaultConfigurationIsVisible = 0;
			defaultConfigurationName = Release;
		};
		81ECF44A1D172A2700D1D1F7 /* Build configuration list for PBXNativeTarget "CommandBlock" */ = {
			isa = XCConfigurationList;
			buildConfigurations = (
				81ECF44B1D172A2700D1D1F7 /* Debug */,
				81ECF44C1D172A2700D1D1F7 /* Release */,
			);
			defaultConfigurationIsVisible = 0;
		};
		81ECF44D1D172A2700D1D1F7 /* Build configuration list for PBXNativeTarget "CommandBlockTests" */ = {
			isa = XCConfigurationList;
			buildConfigurations = (
				81ECF44E1D172A2700D1D1F7 /* Debug */,
				81ECF44F1D172A2700D1D1F7 /* Release */,
			);
			defaultConfigurationIsVisible = 0;
		};
		81ECF4501D172A2700D1D1F7 /* Build configuration list for PBXNativeTarget "CommandBlockUITests" */ = {
			isa = XCConfigurationList;
			buildConfigurations = (
				81ECF4511D172A2700D1D1F7 /* Debug */,
				81ECF4521D172A2700D1D1F7 /* Release */,
			);
			defaultConfigurationIsVisible = 0;
		};
/* End XCConfigurationList section */
	};
	rootObject = 81ECF41D1D172A2700D1D1F7 /* Project object */;
}
